
Microsoft Visual Studio Solution File, Format Version 12.00
# Visual Studio 15
VisualStudioVersion = 15.0.28307.106
MinimumVisualStudioVersion = 10.0.40219.1
Project("{FAE04EC0-301F-11D3-BF4B-00C04F79EFBC}") = "LabelMakerWPF_Plain", "LabelMakerWPF_Plain\LabelMakerWPF_Plain.csproj", "{E6087161-78C5-4A36-93C8-23B1121613DF}"
EndProject
Global
	GlobalSection(SolutionConfigurationPlatforms) = preSolution
		Debug|Any CPU = Debug|Any CPU
		Release|Any CPU = Release|Any CPU
	EndGlobalSection
	GlobalSection(ProjectConfigurationPlatforms) = postSolution
		{E6087161-78C5-4A36-93C8-23B1121613DF}.Debug|Any CPU.ActiveCfg = Debug|Any CPU
		{E6087161-78C5-4A36-93C8-23B1121613DF}.Debug|Any CPU.Build.0 = Debug|Any CPU
		{E6087161-78C5-4A36-93C8-23B1121613DF}.Release|Any CPU.ActiveCfg = Release|Any CPU
		{E6087161-78C5-4A36-93C8-23B1121613DF}.Release|Any CPU.Build.0 = Release|Any CPU
	EndGlobalSection
	GlobalSection(SolutionProperties) = preSolution
		HideSolutionNode = FALSE
	EndGlobalSection
	GlobalSection(ExtensibilityGlobals) = postSolution
		SolutionGuid = {5E83CDC9-960B-4AAC-B83F-694CB2F1DDA7}
	EndGlobalSection
EndGlobal
